
Microsoft Visual Studio Solution File, Format Version 12.00
# Visual Studio 2015
Project("{FAE04EC0-301F-11D3-BF4B-00C04F79EFBC}") = "Proba.CSharp.Plugins", "Proba.CSharp.Plugins.csproj", "{39EFBF1D-255A-99C2-D205-512EB9BDF2D1}"
EndProject
Project("{FAE04EC0-301F-11D3-BF4B-00C04F79EFBC}") = "Proba.CSharp", "Proba.CSharp.csproj", "{EBB498E0-BCCC-CA63-8E21-0A6D8D8A4830}"
EndProject
Project("{FAE04EC0-301F-11D3-BF4B-00C04F79EFBC}") = "Proba.CSharp.Editor", "Proba.CSharp.Editor.csproj", "{AB6643D4-F2FB-C803-2559-0BCAA2007C43}"
EndProject
Global
	GlobalSection(SolutionConfigurationPlatforms) = preSolution
		Debug|Any CPU = Debug|Any CPU
		Release|Any CPU = Release|Any CPU
	EndGlobalSection
	GlobalSection(ProjectConfigurationPlatforms) = postSolution
		{39EFBF1D-255A-99C2-D205-512EB9BDF2D1}.Debug|Any CPU.ActiveCfg = Debug|Any CPU
		{39EFBF1D-255A-99C2-D205-512EB9BDF2D1}.Debug|Any CPU.Build.0 = Debug|Any CPU
		{39EFBF1D-255A-99C2-D205-512EB9BDF2D1}.Release|Any CPU.ActiveCfg = Release|Any CPU
		{39EFBF1D-255A-99C2-D205-512EB9BDF2D1}.Release|Any CPU.Build.0 = Release|Any CPU
		{EBB498E0-BCCC-CA63-8E21-0A6D8D8A4830}.Debug|Any CPU.ActiveCfg = Debug|Any CPU
		{EBB498E0-BCCC-CA63-8E21-0A6D8D8A4830}.Debug|Any CPU.Build.0 = Debug|Any CPU
		{EBB498E0-BCCC-CA63-8E21-0A6D8D8A4830}.Release|Any CPU.ActiveCfg = Release|Any CPU
		{EBB498E0-BCCC-CA63-8E21-0A6D8D8A4830}.Release|Any CPU.Build.0 = Release|Any CPU
		{AB6643D4-F2FB-C803-2559-0BCAA2007C43}.Debug|Any CPU.ActiveCfg = Debug|Any CPU
		{AB6643D4-F2FB-C803-2559-0BCAA2007C43}.Debug|Any CPU.Build.0 = Debug|Any CPU
		{AB6643D4-F2FB-C803-2559-0BCAA2007C43}.Release|Any CPU.ActiveCfg = Release|Any CPU
		{AB6643D4-F2FB-C803-2559-0BCAA2007C43}.Release|Any CPU.Build.0 = Release|Any CPU
	EndGlobalSection
	GlobalSection(SolutionProperties) = preSolution
		HideSolutionNode = FALSE
	EndGlobalSection
EndGlobal
