Microsoft Visual Studio Solution File, Format Version 11.00
# Visual Studio 2008

Project("{4E7F3744-047D-7449-09F5-D0B8CE8138D7}") = "Proba", "Assembly-CSharp-firstpass-vs.csproj", "{DD3B263A-66CB-8B13-9426-B4B704B084EC}"
EndProject
Project("{4E7F3744-047D-7449-09F5-D0B8CE8138D7}") = "Proba", "Assembly-CSharp-vs.csproj", "{649CE462-1EE9-C53F-C232-DAF9286292C2}"
EndProject
Project("{4E7F3744-047D-7449-09F5-D0B8CE8138D7}") = "Proba", "Assembly-CSharp-Editor-vs.csproj", "{C076DF06-0D74-19B2-4E97-BADD423B79F7}"
EndProject
Global
	GlobalSection(SolutionConfigurationPlatforms) = preSolution
		Debug|Any CPU = Debug|Any CPU
		Release|Any CPU = Release|Any CPU
	EndGlobalSection
	GlobalSection(ProjectConfigurationPlatforms) = postSolution
		{DD3B263A-66CB-8B13-9426-B4B704B084EC}.Debug|Any CPU.ActiveCfg = Debug|Any CPU
		{DD3B263A-66CB-8B13-9426-B4B704B084EC}.Debug|Any CPU.Build.0 = Debug|Any CPU
		{DD3B263A-66CB-8B13-9426-B4B704B084EC}.Release|Any CPU.ActiveCfg = Release|Any CPU
		{DD3B263A-66CB-8B13-9426-B4B704B084EC}.Release|Any CPU.Build.0 = Release|Any CPU
		{649CE462-1EE9-C53F-C232-DAF9286292C2}.Debug|Any CPU.ActiveCfg = Debug|Any CPU
		{649CE462-1EE9-C53F-C232-DAF9286292C2}.Debug|Any CPU.Build.0 = Debug|Any CPU
		{649CE462-1EE9-C53F-C232-DAF9286292C2}.Release|Any CPU.ActiveCfg = Release|Any CPU
		{649CE462-1EE9-C53F-C232-DAF9286292C2}.Release|Any CPU.Build.0 = Release|Any CPU
		{C076DF06-0D74-19B2-4E97-BADD423B79F7}.Debug|Any CPU.ActiveCfg = Debug|Any CPU
		{C076DF06-0D74-19B2-4E97-BADD423B79F7}.Debug|Any CPU.Build.0 = Debug|Any CPU
		{C076DF06-0D74-19B2-4E97-BADD423B79F7}.Release|Any CPU.ActiveCfg = Release|Any CPU
		{C076DF06-0D74-19B2-4E97-BADD423B79F7}.Release|Any CPU.Build.0 = Release|Any CPU
	EndGlobalSection
	GlobalSection(SolutionProperties) = preSolution
		HideSolutionNode = FALSE
	EndGlobalSection
																																																																GlobalSection(MonoDevelopProperties) = preSolution
		StartupItem = Assembly-CSharp.csproj
		Policies = $0
		$0.TextStylePolicy = $1
		$1.inheritsSet = null
		$1.scope = text/x-csharp
		$0.CSharpFormattingPolicy = $2
		$2.inheritsSet = Mono
		$2.inheritsScope = text/x-csharp
		$2.scope = text/x-csharp
		$0.TextStylePolicy = $3
		$3.FileWidth = 120
		$3.TabsToSpaces = False
		$3.EolMarker = Unix
		$3.inheritsSet = VisualStudio
		$3.inheritsScope = text/plain
		$3.scope = text/plain
	EndGlobalSection

EndGlobal
